{
    "version": 3,
    "terraform_version": "0.11.11",
    "serial": 31,
    "lineage": "c0e88e00-ea1b-030e-3a2c-b214ca9910dc",
    "modules": [
        {
            "path": [
                "root"
            ],
            "outputs": {
                "application_load_balancer_public_ip": {
                    "sensitive": false,
                    "type": "string",
                    "value": "40.117.88.98"
                },
                "application_private_ips": {
                    "sensitive": false,
                    "type": "string",
                    "value": "10.0.2.4,10.0.2.5"
                },
                "bastion_private_ip_address": {
                    "sensitive": false,
                    "type": "string",
                    "value": "10.0.1.4"
                },
                "bastion_pulic_ip_address": {
                    "sensitive": false,
                    "type": "string",
                    "value": "40.121.89.251"
                }
            },
            "resources": {
                "azurerm_availability_set.application_availability_set": {
                    "type": "azurerm_availability_set",
                    "depends_on": [
                        "azurerm_resource_group.dog_application_resource_group"
                    ],
                    "primary": {
                        "id": "/subscriptions/8142ab74-72ab-4de0-8532-2bae4cd615a0/resourceGroups/dog-applcation-resource-group/providers/Microsoft.Compute/availabilitySets/application-availability-set",
                        "attributes": {
                            "id": "/subscriptions/8142ab74-72ab-4de0-8532-2bae4cd615a0/resourceGroups/dog-applcation-resource-group/providers/Microsoft.Compute/availabilitySets/application-availability-set",
                            "location": "eastus",
                            "managed": "true",
                            "name": "application-availability-set",
                            "platform_fault_domain_count": "3",
                            "platform_update_domain_count": "5",
                            "resource_group_name": "dog-applcation-resource-group",
                            "tags.%": "2",
                            "tags.Environment": "Development",
                            "tags.Name": "DOG-Application"
                        },
                        "meta": {},
                        "tainted": false
                    },
                    "deposed": [],
                    "provider": "provider.azurerm"
                },
                "azurerm_lb.application_load_balancer": {
                    "type": "azurerm_lb",
                    "depends_on": [
                        "azurerm_public_ip.application_load_balancer_pubic_ip",
                        "azurerm_resource_group.dog_application_resource_group"
                    ],
                    "primary": {
                        "id": "/subscriptions/8142ab74-72ab-4de0-8532-2bae4cd615a0/resourceGroups/dog-applcation-resource-group/providers/Microsoft.Network/loadBalancers/application-load-balancer",
                        "attributes": {
                            "frontend_ip_configuration.#": "1",
                            "frontend_ip_configuration.0.inbound_nat_rules.#": "0",
                            "frontend_ip_configuration.0.load_balancer_rules.#": "0",
                            "frontend_ip_configuration.0.name": "application-load-balancer-public-ip",
                            "frontend_ip_configuration.0.private_ip_address": "",
                            "frontend_ip_configuration.0.private_ip_address_allocation": "Dynamic",
                            "frontend_ip_configuration.0.public_ip_address_id": "/subscriptions/8142ab74-72ab-4de0-8532-2bae4cd615a0/resourceGroups/dog-applcation-resource-group/providers/Microsoft.Network/publicIPAddresses/application-load-balancer-public-ip",
                            "frontend_ip_configuration.0.subnet_id": "",
                            "frontend_ip_configuration.0.zones.#": "0",
                            "id": "/subscriptions/8142ab74-72ab-4de0-8532-2bae4cd615a0/resourceGroups/dog-applcation-resource-group/providers/Microsoft.Network/loadBalancers/application-load-balancer",
                            "location": "eastus",
                            "name": "application-load-balancer",
                            "private_ip_address": "",
                            "private_ip_addresses.#": "0",
                            "resource_group_name": "dog-applcation-resource-group",
                            "sku": "Basic",
                            "tags.%": "2",
                            "tags.Environment": "Development",
                            "tags.Name": "DOG-Application"
                        },
                        "meta": {},
                        "tainted": false
                    },
                    "deposed": [],
                    "provider": "provider.azurerm"
                },
                "azurerm_lb_backend_address_pool.application_load_balancer_backend_pool": {
                    "type": "azurerm_lb_backend_address_pool",
                    "depends_on": [
                        "azurerm_lb.application_load_balancer",
                        "azurerm_resource_group.dog_application_resource_group"
                    ],
                    "primary": {
                        "id": "/subscriptions/8142ab74-72ab-4de0-8532-2bae4cd615a0/resourceGroups/dog-applcation-resource-group/providers/Microsoft.Network/loadBalancers/application-load-balancer/backendAddressPools/application-load-balancer-backend-pool",
                        "attributes": {
                            "backend_ip_configurations.#": "0",
                            "id": "/subscriptions/8142ab74-72ab-4de0-8532-2bae4cd615a0/resourceGroups/dog-applcation-resource-group/providers/Microsoft.Network/loadBalancers/application-load-balancer/backendAddressPools/application-load-balancer-backend-pool",
                            "load_balancing_rules.#": "0",
                            "loadbalancer_id": "/subscriptions/8142ab74-72ab-4de0-8532-2bae4cd615a0/resourceGroups/dog-applcation-resource-group/providers/Microsoft.Network/loadBalancers/application-load-balancer",
                            "name": "application-load-balancer-backend-pool",
                            "resource_group_name": "dog-applcation-resource-group"
                        },
                        "meta": {},
                        "tainted": false
                    },
                    "deposed": [],
                    "provider": "provider.azurerm"
                },
                "azurerm_lb_probe.application_load_balancer_probe_http": {
                    "type": "azurerm_lb_probe",
                    "depends_on": [
                        "azurerm_lb.application_load_balancer",
                        "azurerm_resource_group.dog_application_resource_group"
                    ],
                    "primary": {
                        "id": "/subscriptions/8142ab74-72ab-4de0-8532-2bae4cd615a0/resourceGroups/dog-applcation-resource-group/providers/Microsoft.Network/loadBalancers/application-load-balancer/probes/application-loadbalancer-port-80-probe",
                        "attributes": {
                            "id": "/subscriptions/8142ab74-72ab-4de0-8532-2bae4cd615a0/resourceGroups/dog-applcation-resource-group/providers/Microsoft.Network/loadBalancers/application-load-balancer/probes/application-loadbalancer-port-80-probe",
                            "interval_in_seconds": "5",
                            "load_balancer_rules.#": "0",
                            "loadbalancer_id": "/subscriptions/8142ab74-72ab-4de0-8532-2bae4cd615a0/resourceGroups/dog-applcation-resource-group/providers/Microsoft.Network/loadBalancers/application-load-balancer",
                            "name": "application-loadbalancer-port-80-probe",
                            "number_of_probes": "2",
                            "port": "80",
                            "protocol": "Tcp",
                            "request_path": "",
                            "resource_group_name": "dog-applcation-resource-group"
                        },
                        "meta": {},
                        "tainted": false
                    },
                    "deposed": [],
                    "provider": "provider.azurerm"
                },
                "azurerm_lb_rule.application_load_balancer_rule_http": {
                    "type": "azurerm_lb_rule",
                    "depends_on": [
                        "azurerm_lb.application_load_balancer",
                        "azurerm_lb_backend_address_pool.application_load_balancer_backend_pool",
                        "azurerm_lb_probe.application_load_balancer_probe_http",
                        "azurerm_resource_group.dog_application_resource_group"
                    ],
                    "primary": {
                        "id": "/subscriptions/8142ab74-72ab-4de0-8532-2bae4cd615a0/resourceGroups/dog-applcation-resource-group/providers/Microsoft.Network/loadBalancers/application-load-balancer/loadBalancingRules/application-load-balancer-rule-http",
                        "attributes": {
                            "backend_address_pool_id": "/subscriptions/8142ab74-72ab-4de0-8532-2bae4cd615a0/resourceGroups/dog-applcation-resource-group/providers/Microsoft.Network/loadBalancers/application-load-balancer/backendAddressPools/application-load-balancer-backend-pool",
                            "backend_port": "80",
                            "enable_floating_ip": "false",
                            "frontend_ip_configuration_id": "/subscriptions/8142ab74-72ab-4de0-8532-2bae4cd615a0/resourceGroups/dog-applcation-resource-group/providers/Microsoft.Network/loadBalancers/application-load-balancer/frontendIPConfigurations/application-load-balancer-public-ip",
                            "frontend_ip_configuration_name": "application-load-balancer-public-ip",
                            "frontend_port": "80",
                            "id": "/subscriptions/8142ab74-72ab-4de0-8532-2bae4cd615a0/resourceGroups/dog-applcation-resource-group/providers/Microsoft.Network/loadBalancers/application-load-balancer/loadBalancingRules/application-load-balancer-rule-http",
                            "idle_timeout_in_minutes": "5",
                            "load_distribution": "Default",
                            "loadbalancer_id": "/subscriptions/8142ab74-72ab-4de0-8532-2bae4cd615a0/resourceGroups/dog-applcation-resource-group/providers/Microsoft.Network/loadBalancers/application-load-balancer",
                            "name": "application-load-balancer-rule-http",
                            "probe_id": "/subscriptions/8142ab74-72ab-4de0-8532-2bae4cd615a0/resourceGroups/dog-applcation-resource-group/providers/Microsoft.Network/loadBalancers/application-load-balancer/probes/application-loadbalancer-port-80-probe",
                            "protocol": "Tcp",
                            "resource_group_name": "dog-applcation-resource-group"
                        },
                        "meta": {},
                        "tainted": false
                    },
                    "deposed": [],
                    "provider": "provider.azurerm"
                },
                "azurerm_network_interface.application_virtual_machine_network_interface.0": {
                    "type": "azurerm_network_interface",
                    "depends_on": [
                        "azurerm_resource_group.dog_application_resource_group",
                        "azurerm_subnet.application_subnet"
                    ],
                    "primary": {
                        "id": "/subscriptions/8142ab74-72ab-4de0-8532-2bae4cd615a0/resourceGroups/dog-applcation-resource-group/providers/Microsoft.Network/networkInterfaces/application-network-interface01",
                        "attributes": {
                            "applied_dns_servers.#": "0",
                            "dns_servers.#": "0",
                            "enable_accelerated_networking": "false",
                            "enable_ip_forwarding": "false",
                            "id": "/subscriptions/8142ab74-72ab-4de0-8532-2bae4cd615a0/resourceGroups/dog-applcation-resource-group/providers/Microsoft.Network/networkInterfaces/application-network-interface01",
                            "internal_dns_name_label": "",
                            "internal_fqdn": "",
                            "ip_configuration.#": "1",
                            "ip_configuration.0.application_gateway_backend_address_pools_ids.#": "0",
                            "ip_configuration.0.application_security_group_ids.#": "0",
                            "ip_configuration.0.load_balancer_backend_address_pools_ids.#": "0",
                            "ip_configuration.0.load_balancer_inbound_nat_rules_ids.#": "0",
                            "ip_configuration.0.name": "application-network-interface01-ip-configuration",
                            "ip_configuration.0.primary": "true",
                            "ip_configuration.0.private_ip_address": "",
                            "ip_configuration.0.private_ip_address_allocation": "dynamic",
                            "ip_configuration.0.private_ip_address_version": "IPv4",
                            "ip_configuration.0.public_ip_address_id": "",
                            "ip_configuration.0.subnet_id": "/subscriptions/8142ab74-72ab-4de0-8532-2bae4cd615a0/resourceGroups/dog-applcation-resource-group/providers/Microsoft.Network/virtualNetworks/dog-application-vnet/subnets/application-subnet",
                            "location": "eastus",
                            "mac_address": "",
                            "name": "application-network-interface01",
                            "network_security_group_id": "",
                            "private_ip_address": "10.0.2.4",
                            "private_ip_addresses.#": "1",
                            "private_ip_addresses.0": "10.0.2.4",
                            "resource_group_name": "dog-applcation-resource-group",
                            "tags.%": "0"
                        },
                        "meta": {},
                        "tainted": false
                    },
                    "deposed": [],
                    "provider": "provider.azurerm"
                },
                "azurerm_network_interface.application_virtual_machine_network_interface.1": {
                    "type": "azurerm_network_interface",
                    "depends_on": [
                        "azurerm_resource_group.dog_application_resource_group",
                        "azurerm_subnet.application_subnet"
                    ],
                    "primary": {
                        "id": "/subscriptions/8142ab74-72ab-4de0-8532-2bae4cd615a0/resourceGroups/dog-applcation-resource-group/providers/Microsoft.Network/networkInterfaces/application-network-interface02",
                        "attributes": {
                            "applied_dns_servers.#": "0",
                            "dns_servers.#": "0",
                            "enable_accelerated_networking": "false",
                            "enable_ip_forwarding": "false",
                            "id": "/subscriptions/8142ab74-72ab-4de0-8532-2bae4cd615a0/resourceGroups/dog-applcation-resource-group/providers/Microsoft.Network/networkInterfaces/application-network-interface02",
                            "internal_dns_name_label": "",
                            "internal_fqdn": "",
                            "ip_configuration.#": "1",
                            "ip_configuration.0.application_gateway_backend_address_pools_ids.#": "0",
                            "ip_configuration.0.application_security_group_ids.#": "0",
                            "ip_configuration.0.load_balancer_backend_address_pools_ids.#": "0",
                            "ip_configuration.0.load_balancer_inbound_nat_rules_ids.#": "0",
                            "ip_configuration.0.name": "application-network-interface02-ip-configuration",
                            "ip_configuration.0.primary": "true",
                            "ip_configuration.0.private_ip_address": "",
                            "ip_configuration.0.private_ip_address_allocation": "dynamic",
                            "ip_configuration.0.private_ip_address_version": "IPv4",
                            "ip_configuration.0.public_ip_address_id": "",
                            "ip_configuration.0.subnet_id": "/subscriptions/8142ab74-72ab-4de0-8532-2bae4cd615a0/resourceGroups/dog-applcation-resource-group/providers/Microsoft.Network/virtualNetworks/dog-application-vnet/subnets/application-subnet",
                            "location": "eastus",
                            "mac_address": "",
                            "name": "application-network-interface02",
                            "network_security_group_id": "",
                            "private_ip_address": "10.0.2.5",
                            "private_ip_addresses.#": "1",
                            "private_ip_addresses.0": "10.0.2.5",
                            "resource_group_name": "dog-applcation-resource-group",
                            "tags.%": "0"
                        },
                        "meta": {},
                        "tainted": false
                    },
                    "deposed": [],
                    "provider": "provider.azurerm"
                },
                "azurerm_network_interface.bastion_network_interface": {
                    "type": "azurerm_network_interface",
                    "depends_on": [
                        "azurerm_public_ip.bastion_public_ip",
                        "azurerm_resource_group.dog_application_resource_group",
                        "azurerm_subnet.mgmt_subnet"
                    ],
                    "primary": {
                        "id": "/subscriptions/8142ab74-72ab-4de0-8532-2bae4cd615a0/resourceGroups/dog-applcation-resource-group/providers/Microsoft.Network/networkInterfaces/bastion-network-interface",
                        "attributes": {
                            "applied_dns_servers.#": "0",
                            "dns_servers.#": "0",
                            "enable_accelerated_networking": "false",
                            "enable_ip_forwarding": "false",
                            "id": "/subscriptions/8142ab74-72ab-4de0-8532-2bae4cd615a0/resourceGroups/dog-applcation-resource-group/providers/Microsoft.Network/networkInterfaces/bastion-network-interface",
                            "internal_dns_name_label": "",
                            "internal_fqdn": "",
                            "ip_configuration.#": "1",
                            "ip_configuration.0.application_gateway_backend_address_pools_ids.#": "0",
                            "ip_configuration.0.application_security_group_ids.#": "0",
                            "ip_configuration.0.load_balancer_backend_address_pools_ids.#": "0",
                            "ip_configuration.0.load_balancer_inbound_nat_rules_ids.#": "0",
                            "ip_configuration.0.name": "bastion_ip_config",
                            "ip_configuration.0.primary": "true",
                            "ip_configuration.0.private_ip_address": "",
                            "ip_configuration.0.private_ip_address_allocation": "dynamic",
                            "ip_configuration.0.private_ip_address_version": "IPv4",
                            "ip_configuration.0.public_ip_address_id": "/subscriptions/8142ab74-72ab-4de0-8532-2bae4cd615a0/resourceGroups/dog-applcation-resource-group/providers/Microsoft.Network/publicIPAddresses/loadbalancer-example-lb-public-ip",
                            "ip_configuration.0.subnet_id": "/subscriptions/8142ab74-72ab-4de0-8532-2bae4cd615a0/resourceGroups/dog-applcation-resource-group/providers/Microsoft.Network/virtualNetworks/dog-application-vnet/subnets/mgmt-subnet",
                            "location": "eastus",
                            "mac_address": "",
                            "name": "bastion-network-interface",
                            "network_security_group_id": "",
                            "private_ip_address": "10.0.1.4",
                            "private_ip_addresses.#": "1",
                            "private_ip_addresses.0": "10.0.1.4",
                            "resource_group_name": "dog-applcation-resource-group",
                            "tags.%": "0"
                        },
                        "meta": {},
                        "tainted": false
                    },
                    "deposed": [],
                    "provider": "provider.azurerm"
                },
                "azurerm_network_interface_backend_address_pool_association.lb-be.0": {
                    "type": "azurerm_network_interface_backend_address_pool_association",
                    "depends_on": [
                        "azurerm_lb_backend_address_pool.application_load_balancer_backend_pool",
                        "azurerm_network_interface.application_virtual_machine_network_interface.*"
                    ],
                    "primary": {
                        "id": "/subscriptions/8142ab74-72ab-4de0-8532-2bae4cd615a0/resourceGroups/dog-applcation-resource-group/providers/Microsoft.Network/networkInterfaces/application-network-interface01/ipConfigurations/application-network-interface01-ip-configuration|/subscriptions/8142ab74-72ab-4de0-8532-2bae4cd615a0/resourceGroups/dog-applcation-resource-group/providers/Microsoft.Network/loadBalancers/application-load-balancer/backendAddressPools/application-load-balancer-backend-pool",
                        "attributes": {
                            "backend_address_pool_id": "/subscriptions/8142ab74-72ab-4de0-8532-2bae4cd615a0/resourceGroups/dog-applcation-resource-group/providers/Microsoft.Network/loadBalancers/application-load-balancer/backendAddressPools/application-load-balancer-backend-pool",
                            "id": "/subscriptions/8142ab74-72ab-4de0-8532-2bae4cd615a0/resourceGroups/dog-applcation-resource-group/providers/Microsoft.Network/networkInterfaces/application-network-interface01/ipConfigurations/application-network-interface01-ip-configuration|/subscriptions/8142ab74-72ab-4de0-8532-2bae4cd615a0/resourceGroups/dog-applcation-resource-group/providers/Microsoft.Network/loadBalancers/application-load-balancer/backendAddressPools/application-load-balancer-backend-pool",
                            "ip_configuration_name": "application-network-interface01-ip-configuration",
                            "network_interface_id": "/subscriptions/8142ab74-72ab-4de0-8532-2bae4cd615a0/resourceGroups/dog-applcation-resource-group/providers/Microsoft.Network/networkInterfaces/application-network-interface01"
                        },
                        "meta": {},
                        "tainted": false
                    },
                    "deposed": [],
                    "provider": "provider.azurerm"
                },
                "azurerm_network_interface_backend_address_pool_association.lb-be.1": {
                    "type": "azurerm_network_interface_backend_address_pool_association",
                    "depends_on": [
                        "azurerm_lb_backend_address_pool.application_load_balancer_backend_pool",
                        "azurerm_network_interface.application_virtual_machine_network_interface.*"
                    ],
                    "primary": {
                        "id": "/subscriptions/8142ab74-72ab-4de0-8532-2bae4cd615a0/resourceGroups/dog-applcation-resource-group/providers/Microsoft.Network/networkInterfaces/application-network-interface02/ipConfigurations/application-network-interface02-ip-configuration|/subscriptions/8142ab74-72ab-4de0-8532-2bae4cd615a0/resourceGroups/dog-applcation-resource-group/providers/Microsoft.Network/loadBalancers/application-load-balancer/backendAddressPools/application-load-balancer-backend-pool",
                        "attributes": {
                            "backend_address_pool_id": "/subscriptions/8142ab74-72ab-4de0-8532-2bae4cd615a0/resourceGroups/dog-applcation-resource-group/providers/Microsoft.Network/loadBalancers/application-load-balancer/backendAddressPools/application-load-balancer-backend-pool",
                            "id": "/subscriptions/8142ab74-72ab-4de0-8532-2bae4cd615a0/resourceGroups/dog-applcation-resource-group/providers/Microsoft.Network/networkInterfaces/application-network-interface02/ipConfigurations/application-network-interface02-ip-configuration|/subscriptions/8142ab74-72ab-4de0-8532-2bae4cd615a0/resourceGroups/dog-applcation-resource-group/providers/Microsoft.Network/loadBalancers/application-load-balancer/backendAddressPools/application-load-balancer-backend-pool",
                            "ip_configuration_name": "application-network-interface02-ip-configuration",
                            "network_interface_id": "/subscriptions/8142ab74-72ab-4de0-8532-2bae4cd615a0/resourceGroups/dog-applcation-resource-group/providers/Microsoft.Network/networkInterfaces/application-network-interface02"
                        },
                        "meta": {},
                        "tainted": false
                    },
                    "deposed": [],
                    "provider": "provider.azurerm"
                },
                "azurerm_network_security_group.mgmt_security_group": {
                    "type": "azurerm_network_security_group",
                    "depends_on": [
                        "azurerm_resource_group.dog_application_resource_group"
                    ],
                    "primary": {
                        "id": "/subscriptions/8142ab74-72ab-4de0-8532-2bae4cd615a0/resourceGroups/dog-applcation-resource-group/providers/Microsoft.Network/networkSecurityGroups/mgmt-security-group",
                        "attributes": {
                            "id": "/subscriptions/8142ab74-72ab-4de0-8532-2bae4cd615a0/resourceGroups/dog-applcation-resource-group/providers/Microsoft.Network/networkSecurityGroups/mgmt-security-group",
                            "location": "eastus",
                            "name": "mgmt-security-group",
                            "resource_group_name": "dog-applcation-resource-group",
                            "security_rule.#": "0",
                            "tags.%": "0"
                        },
                        "meta": {},
                        "tainted": false
                    },
                    "deposed": [],
                    "provider": "provider.azurerm"
                },
                "azurerm_network_security_group.mgmt_to_application_security_group": {
                    "type": "azurerm_network_security_group",
                    "depends_on": [
                        "azurerm_resource_group.dog_application_resource_group"
                    ],
                    "primary": {
                        "id": "/subscriptions/8142ab74-72ab-4de0-8532-2bae4cd615a0/resourceGroups/dog-applcation-resource-group/providers/Microsoft.Network/networkSecurityGroups/mgmt-to-application-security-group",
                        "attributes": {
                            "id": "/subscriptions/8142ab74-72ab-4de0-8532-2bae4cd615a0/resourceGroups/dog-applcation-resource-group/providers/Microsoft.Network/networkSecurityGroups/mgmt-to-application-security-group",
                            "location": "eastus",
                            "name": "mgmt-to-application-security-group",
                            "resource_group_name": "dog-applcation-resource-group",
                            "security_rule.#": "0",
                            "tags.%": "0"
                        },
                        "meta": {},
                        "tainted": false
                    },
                    "deposed": [],
                    "provider": "provider.azurerm"
                },
                "azurerm_network_security_rule.loadbalancer_to_application_security_rule": {
                    "type": "azurerm_network_security_rule",
                    "depends_on": [
                        "azurerm_network_security_group.mgmt_to_application_security_group",
                        "azurerm_public_ip.application_load_balancer_pubic_ip",
                        "azurerm_resource_group.dog_application_resource_group"
                    ],
                    "primary": {
                        "id": "/subscriptions/8142ab74-72ab-4de0-8532-2bae4cd615a0/resourceGroups/dog-applcation-resource-group/providers/Microsoft.Network/networkSecurityGroups/mgmt-to-application-security-group/securityRules/loadbalancer-to-application-security-rule",
                        "attributes": {
                            "access": "Allow",
                            "description": "",
                            "destination_address_prefix": "*",
                            "destination_address_prefixes.#": "0",
                            "destination_application_security_group_ids.#": "0",
                            "destination_port_range": "80",
                            "destination_port_ranges.#": "0",
                            "direction": "Inbound",
                            "id": "/subscriptions/8142ab74-72ab-4de0-8532-2bae4cd615a0/resourceGroups/dog-applcation-resource-group/providers/Microsoft.Network/networkSecurityGroups/mgmt-to-application-security-group/securityRules/loadbalancer-to-application-security-rule",
                            "name": "loadbalancer-to-application-security-rule",
                            "network_security_group_name": "mgmt-to-application-security-group",
                            "priority": "200",
                            "protocol": "Tcp",
                            "resource_group_name": "dog-applcation-resource-group",
                            "source_address_prefix": "40.117.88.98",
                            "source_address_prefixes.#": "0",
                            "source_application_security_group_ids.#": "0",
                            "source_port_range": "80",
                            "source_port_ranges.#": "0"
                        },
                        "meta": {},
                        "tainted": false
                    },
                    "deposed": [],
                    "provider": "provider.azurerm"
                },
                "azurerm_network_security_rule.mgmt_security_rule": {
                    "type": "azurerm_network_security_rule",
                    "depends_on": [
                        "azurerm_network_security_group.mgmt_security_group",
                        "azurerm_public_ip.bastion_public_ip",
                        "azurerm_resource_group.dog_application_resource_group"
                    ],
                    "primary": {
                        "id": "/subscriptions/8142ab74-72ab-4de0-8532-2bae4cd615a0/resourceGroups/dog-applcation-resource-group/providers/Microsoft.Network/networkSecurityGroups/mgmt-security-group/securityRules/mgmt-security-rule",
                        "attributes": {
                            "access": "Allow",
                            "description": "",
                            "destination_address_prefix": "40.121.89.251",
                            "destination_address_prefixes.#": "0",
                            "destination_application_security_group_ids.#": "0",
                            "destination_port_range": "22",
                            "destination_port_ranges.#": "0",
                            "direction": "Inbound",
                            "id": "/subscriptions/8142ab74-72ab-4de0-8532-2bae4cd615a0/resourceGroups/dog-applcation-resource-group/providers/Microsoft.Network/networkSecurityGroups/mgmt-security-group/securityRules/mgmt-security-rule",
                            "name": "mgmt-security-rule",
                            "network_security_group_name": "mgmt-security-group",
                            "priority": "220",
                            "protocol": "Tcp",
                            "resource_group_name": "dog-applcation-resource-group",
                            "source_address_prefix": "185.38.247.178/32",
                            "source_address_prefixes.#": "0",
                            "source_application_security_group_ids.#": "0",
                            "source_port_range": "22",
                            "source_port_ranges.#": "0"
                        },
                        "meta": {},
                        "tainted": false
                    },
                    "deposed": [],
                    "provider": "provider.azurerm"
                },
                "azurerm_network_security_rule.mgmt_to_application_security_rule.0": {
                    "type": "azurerm_network_security_rule",
                    "depends_on": [
                        "azurerm_network_interface.application_virtual_machine_network_interface.*",
                        "azurerm_network_interface.bastion_network_interface",
                        "azurerm_network_security_group.mgmt_to_application_security_group",
                        "azurerm_resource_group.dog_application_resource_group"
                    ],
                    "primary": {
                        "id": "/subscriptions/8142ab74-72ab-4de0-8532-2bae4cd615a0/resourceGroups/dog-applcation-resource-group/providers/Microsoft.Network/networkSecurityGroups/mgmt-to-application-security-group/securityRules/mgmt-to-application-security-rule",
                        "attributes": {
                            "access": "Allow",
                            "description": "",
                            "destination_address_prefix": "",
                            "destination_address_prefixes.#": "1",
                            "destination_address_prefixes.1427169650": "10.0.2.4",
                            "destination_application_security_group_ids.#": "0",
                            "destination_port_range": "22",
                            "destination_port_ranges.#": "0",
                            "direction": "Inbound",
                            "id": "/subscriptions/8142ab74-72ab-4de0-8532-2bae4cd615a0/resourceGroups/dog-applcation-resource-group/providers/Microsoft.Network/networkSecurityGroups/mgmt-to-application-security-group/securityRules/mgmt-to-application-security-rule",
                            "name": "mgmt-to-application-security-rule",
                            "network_security_group_name": "mgmt-to-application-security-group",
                            "priority": "100",
                            "protocol": "Tcp",
                            "resource_group_name": "dog-applcation-resource-group",
                            "source_address_prefix": "10.0.1.4",
                            "source_address_prefixes.#": "0",
                            "source_application_security_group_ids.#": "0",
                            "source_port_range": "22",
                            "source_port_ranges.#": "0"
                        },
                        "meta": {},
                        "tainted": false
                    },
                    "deposed": [],
                    "provider": "provider.azurerm"
                },
                "azurerm_network_security_rule.mgmt_to_application_security_rule.1": {
                    "type": "azurerm_network_security_rule",
                    "depends_on": [
                        "azurerm_network_interface.application_virtual_machine_network_interface.*",
                        "azurerm_network_interface.bastion_network_interface",
                        "azurerm_network_security_group.mgmt_to_application_security_group",
                        "azurerm_resource_group.dog_application_resource_group"
                    ],
                    "primary": {
                        "id": "/subscriptions/8142ab74-72ab-4de0-8532-2bae4cd615a0/resourceGroups/dog-applcation-resource-group/providers/Microsoft.Network/networkSecurityGroups/mgmt-to-application-security-group/securityRules/mgmt-to-application-security-rule",
                        "attributes": {
                            "access": "Allow",
                            "description": "",
                            "destination_address_prefix": "",
                            "destination_address_prefixes.#": "1",
                            "destination_address_prefixes.571986404": "10.0.2.5",
                            "destination_application_security_group_ids.#": "0",
                            "destination_port_range": "22",
                            "destination_port_ranges.#": "0",
                            "direction": "Inbound",
                            "id": "/subscriptions/8142ab74-72ab-4de0-8532-2bae4cd615a0/resourceGroups/dog-applcation-resource-group/providers/Microsoft.Network/networkSecurityGroups/mgmt-to-application-security-group/securityRules/mgmt-to-application-security-rule",
                            "name": "mgmt-to-application-security-rule",
                            "network_security_group_name": "mgmt-to-application-security-group",
                            "priority": "100",
                            "protocol": "Tcp",
                            "resource_group_name": "dog-applcation-resource-group",
                            "source_address_prefix": "10.0.1.4",
                            "source_address_prefixes.#": "0",
                            "source_application_security_group_ids.#": "0",
                            "source_port_range": "22",
                            "source_port_ranges.#": "0"
                        },
                        "meta": {},
                        "tainted": false
                    },
                    "deposed": [],
                    "provider": "provider.azurerm"
                },
                "azurerm_public_ip.application_load_balancer_pubic_ip": {
                    "type": "azurerm_public_ip",
                    "depends_on": [
                        "azurerm_resource_group.dog_application_resource_group"
                    ],
                    "primary": {
                        "id": "/subscriptions/8142ab74-72ab-4de0-8532-2bae4cd615a0/resourceGroups/dog-applcation-resource-group/providers/Microsoft.Network/publicIPAddresses/application-load-balancer-public-ip",
                        "attributes": {
                            "allocation_method": "Static",
                            "id": "/subscriptions/8142ab74-72ab-4de0-8532-2bae4cd615a0/resourceGroups/dog-applcation-resource-group/providers/Microsoft.Network/publicIPAddresses/application-load-balancer-public-ip",
                            "idle_timeout_in_minutes": "4",
                            "ip_address": "40.117.88.98",
                            "ip_version": "IPv4",
                            "location": "eastus",
                            "name": "application-load-balancer-public-ip",
                            "public_ip_address_allocation": "Static",
                            "resource_group_name": "dog-applcation-resource-group",
                            "sku": "Basic",
                            "tags.%": "2",
                            "tags.Environment": "Development",
                            "tags.Name": "DOG-Application",
                            "zones.#": "0"
                        },
                        "meta": {},
                        "tainted": false
                    },
                    "deposed": [],
                    "provider": "provider.azurerm"
                },
                "azurerm_public_ip.bastion_public_ip": {
                    "type": "azurerm_public_ip",
                    "depends_on": [
                        "azurerm_resource_group.dog_application_resource_group"
                    ],
                    "primary": {
                        "id": "/subscriptions/8142ab74-72ab-4de0-8532-2bae4cd615a0/resourceGroups/dog-applcation-resource-group/providers/Microsoft.Network/publicIPAddresses/loadbalancer-example-lb-public-ip",
                        "attributes": {
                            "allocation_method": "Static",
                            "id": "/subscriptions/8142ab74-72ab-4de0-8532-2bae4cd615a0/resourceGroups/dog-applcation-resource-group/providers/Microsoft.Network/publicIPAddresses/loadbalancer-example-lb-public-ip",
                            "idle_timeout_in_minutes": "4",
                            "ip_address": "40.121.89.251",
                            "ip_version": "IPv4",
                            "location": "eastus",
                            "name": "loadbalancer-example-lb-public-ip",
                            "public_ip_address_allocation": "Static",
                            "resource_group_name": "dog-applcation-resource-group",
                            "sku": "Basic",
                            "tags.%": "2",
                            "tags.Environment": "Development",
                            "tags.Name": "DOG-Application",
                            "zones.#": "0"
                        },
                        "meta": {},
                        "tainted": false
                    },
                    "deposed": [],
                    "provider": "provider.azurerm"
                },
                "azurerm_resource_group.dog_application_resource_group": {
                    "type": "azurerm_resource_group",
                    "depends_on": [],
                    "primary": {
                        "id": "/subscriptions/8142ab74-72ab-4de0-8532-2bae4cd615a0/resourceGroups/dog-applcation-resource-group",
                        "attributes": {
                            "id": "/subscriptions/8142ab74-72ab-4de0-8532-2bae4cd615a0/resourceGroups/dog-applcation-resource-group",
                            "location": "eastus",
                            "name": "dog-applcation-resource-group",
                            "tags.%": "2",
                            "tags.Environment": "Development",
                            "tags.Name": "DOG-Application"
                        },
                        "meta": {},
                        "tainted": false
                    },
                    "deposed": [],
                    "provider": "provider.azurerm"
                },
                "azurerm_subnet.application_subnet": {
                    "type": "azurerm_subnet",
                    "depends_on": [
                        "azurerm_resource_group.dog_application_resource_group",
                        "azurerm_virtual_network.dog_application_virtual_network"
                    ],
                    "primary": {
                        "id": "/subscriptions/8142ab74-72ab-4de0-8532-2bae4cd615a0/resourceGroups/dog-applcation-resource-group/providers/Microsoft.Network/virtualNetworks/dog-application-vnet/subnets/application-subnet",
                        "attributes": {
                            "address_prefix": "10.0.2.0/24",
                            "delegation.#": "0",
                            "id": "/subscriptions/8142ab74-72ab-4de0-8532-2bae4cd615a0/resourceGroups/dog-applcation-resource-group/providers/Microsoft.Network/virtualNetworks/dog-application-vnet/subnets/application-subnet",
                            "ip_configurations.#": "0",
                            "name": "application-subnet",
                            "network_security_group_id": "",
                            "resource_group_name": "dog-applcation-resource-group",
                            "route_table_id": "",
                            "service_endpoints.#": "0",
                            "virtual_network_name": "dog-application-vnet"
                        },
                        "meta": {},
                        "tainted": false
                    },
                    "deposed": [],
                    "provider": "provider.azurerm"
                },
                "azurerm_subnet.mgmt_subnet": {
                    "type": "azurerm_subnet",
                    "depends_on": [
                        "azurerm_resource_group.dog_application_resource_group",
                        "azurerm_virtual_network.dog_application_virtual_network"
                    ],
                    "primary": {
                        "id": "/subscriptions/8142ab74-72ab-4de0-8532-2bae4cd615a0/resourceGroups/dog-applcation-resource-group/providers/Microsoft.Network/virtualNetworks/dog-application-vnet/subnets/mgmt-subnet",
                        "attributes": {
                            "address_prefix": "10.0.1.0/24",
                            "delegation.#": "0",
                            "id": "/subscriptions/8142ab74-72ab-4de0-8532-2bae4cd615a0/resourceGroups/dog-applcation-resource-group/providers/Microsoft.Network/virtualNetworks/dog-application-vnet/subnets/mgmt-subnet",
                            "ip_configurations.#": "0",
                            "name": "mgmt-subnet",
                            "network_security_group_id": "",
                            "resource_group_name": "dog-applcation-resource-group",
                            "route_table_id": "",
                            "service_endpoints.#": "0",
                            "virtual_network_name": "dog-application-vnet"
                        },
                        "meta": {},
                        "tainted": false
                    },
                    "deposed": [],
                    "provider": "provider.azurerm"
                },
                "azurerm_subnet_network_security_group_association.mgmt_subnet_nsg": {
                    "type": "azurerm_subnet_network_security_group_association",
                    "depends_on": [
                        "azurerm_network_security_group.mgmt_security_group",
                        "azurerm_subnet.mgmt_subnet"
                    ],
                    "primary": {
                        "id": "/subscriptions/8142ab74-72ab-4de0-8532-2bae4cd615a0/resourceGroups/dog-applcation-resource-group/providers/Microsoft.Network/virtualNetworks/dog-application-vnet/subnets/mgmt-subnet",
                        "attributes": {
                            "id": "/subscriptions/8142ab74-72ab-4de0-8532-2bae4cd615a0/resourceGroups/dog-applcation-resource-group/providers/Microsoft.Network/virtualNetworks/dog-application-vnet/subnets/mgmt-subnet",
                            "network_security_group_id": "/subscriptions/8142ab74-72ab-4de0-8532-2bae4cd615a0/resourceGroups/dog-applcation-resource-group/providers/Microsoft.Network/networkSecurityGroups/mgmt-security-group",
                            "subnet_id": "/subscriptions/8142ab74-72ab-4de0-8532-2bae4cd615a0/resourceGroups/dog-applcation-resource-group/providers/Microsoft.Network/virtualNetworks/dog-application-vnet/subnets/mgmt-subnet"
                        },
                        "meta": {},
                        "tainted": false
                    },
                    "deposed": [],
                    "provider": "provider.azurerm"
                },
                "azurerm_subnet_network_security_group_association.mgmt_to_application_subnet_nsg": {
                    "type": "azurerm_subnet_network_security_group_association",
                    "depends_on": [
                        "azurerm_network_security_group.mgmt_to_application_security_group",
                        "azurerm_subnet.application_subnet"
                    ],
                    "primary": {
                        "id": "/subscriptions/8142ab74-72ab-4de0-8532-2bae4cd615a0/resourceGroups/dog-applcation-resource-group/providers/Microsoft.Network/virtualNetworks/dog-application-vnet/subnets/application-subnet",
                        "attributes": {
                            "id": "/subscriptions/8142ab74-72ab-4de0-8532-2bae4cd615a0/resourceGroups/dog-applcation-resource-group/providers/Microsoft.Network/virtualNetworks/dog-application-vnet/subnets/application-subnet",
                            "network_security_group_id": "/subscriptions/8142ab74-72ab-4de0-8532-2bae4cd615a0/resourceGroups/dog-applcation-resource-group/providers/Microsoft.Network/networkSecurityGroups/mgmt-to-application-security-group",
                            "subnet_id": "/subscriptions/8142ab74-72ab-4de0-8532-2bae4cd615a0/resourceGroups/dog-applcation-resource-group/providers/Microsoft.Network/virtualNetworks/dog-application-vnet/subnets/application-subnet"
                        },
                        "meta": {},
                        "tainted": false
                    },
                    "deposed": [],
                    "provider": "provider.azurerm"
                },
                "azurerm_virtual_machine.bastion_virtual_machine": {
                    "type": "azurerm_virtual_machine",
                    "depends_on": [
                        "azurerm_network_interface.bastion_network_interface",
                        "azurerm_resource_group.dog_application_resource_group"
                    ],
                    "primary": {
                        "id": "/subscriptions/8142ab74-72ab-4de0-8532-2bae4cd615a0/resourceGroups/dog-applcation-resource-group/providers/Microsoft.Compute/virtualMachines/bastion01",
                        "attributes": {
                            "delete_data_disks_on_termination": "false",
                            "delete_os_disk_on_termination": "false",
                            "id": "/subscriptions/8142ab74-72ab-4de0-8532-2bae4cd615a0/resourceGroups/dog-applcation-resource-group/providers/Microsoft.Compute/virtualMachines/bastion01",
                            "identity.#": "0",
                            "location": "eastus",
                            "name": "bastion01",
                            "network_interface_ids.#": "1",
                            "network_interface_ids.0": "/subscriptions/8142ab74-72ab-4de0-8532-2bae4cd615a0/resourceGroups/dog-applcation-resource-group/providers/Microsoft.Network/networkInterfaces/bastion-network-interface",
                            "os_profile.#": "1",
                            "os_profile.3998672465.admin_password": "",
                            "os_profile.3998672465.admin_username": "greg",
                            "os_profile.3998672465.computer_name": "azuretestprofile",
                            "os_profile.3998672465.custom_data": "",
                            "os_profile_linux_config.#": "1",
                            "os_profile_linux_config.69840937.disable_password_authentication": "true",
                            "os_profile_linux_config.69840937.ssh_keys.#": "1",
                            "os_profile_linux_config.69840937.ssh_keys.0.key_data": "ssh-rsa AAAAB3NzaC1yc2EAAAADAQABAAABAQDYmtUL1bwKmnVDBzzSZcmpWaNZSeXI8Sqk7xUVB86XAwss1a3QZobu1X9CXK5z1dCyQCJMyG6+5Ov2wb+lMhYvV3Ql0qHmxZ9sIdm4p2S0FtP0yzZ/Ia7ZoGrbIaVISrs8ivZnADv7Vqho595DxMLEn9CzQq/Cd0WVYd6e70y4DaXQF8ywSSvom6VuRF7oV9nHC4rszZMOz8nkV4aYXgUaeneQEdmrkcx4uzwlMZ2cfroTZOOM8mIYi7/fdUgd4TFJzmruW7gHaPz1wQPnywXE5rLGua6VUhCPmInX1zGahQ4aS4HdpIZZw2kWs7/S7yPB3jL5n6P6OgqU5lyu0gEf Azure Playground",
                            "os_profile_linux_config.69840937.ssh_keys.0.path": "/home/greg/.ssh/authorized_keys",
                            "os_profile_secrets.#": "0",
                            "os_profile_windows_config.#": "0",
                            "plan.#": "0",
                            "resource_group_name": "dog-applcation-resource-group",
                            "storage_data_disk.#": "0",
                            "storage_image_reference.#": "1",
                            "storage_image_reference.363552096.id": "",
                            "storage_image_reference.363552096.offer": "UbuntuServer",
                            "storage_image_reference.363552096.publisher": "Canonical",
                            "storage_image_reference.363552096.sku": "16.04.0-LTS",
                            "storage_image_reference.363552096.version": "latest",
                            "storage_os_disk.#": "1",
                            "storage_os_disk.0.caching": "ReadWrite",
                            "storage_os_disk.0.create_option": "FromImage",
                            "storage_os_disk.0.disk_size_gb": "30",
                            "storage_os_disk.0.image_uri": "",
                            "storage_os_disk.0.managed_disk_id": "/subscriptions/8142ab74-72ab-4de0-8532-2bae4cd615a0/resourceGroups/dog-applcation-resource-group/providers/Microsoft.Compute/disks/bastion-storage",
                            "storage_os_disk.0.managed_disk_type": "Standard_LRS",
                            "storage_os_disk.0.name": "bastion-storage",
                            "storage_os_disk.0.os_type": "Linux",
                            "storage_os_disk.0.vhd_uri": "",
                            "storage_os_disk.0.write_accelerator_enabled": "false",
                            "tags.%": "2",
                            "tags.Environment": "Development",
                            "tags.Name": "DOG-Application",
                            "vm_size": "Standard_DS1_v2",
                            "zones.#": "0"
                        },
                        "meta": {},
                        "tainted": false
                    },
                    "deposed": [],
                    "provider": "provider.azurerm"
                },
                "azurerm_virtual_machine.load_balancer_virtual_machine01.0": {
                    "type": "azurerm_virtual_machine",
                    "depends_on": [
                        "azurerm_availability_set.application_availability_set",
                        "azurerm_network_interface.application_virtual_machine_network_interface.*",
                        "azurerm_resource_group.dog_application_resource_group"
                    ],
                    "primary": {
                        "id": "/subscriptions/8142ab74-72ab-4de0-8532-2bae4cd615a0/resourceGroups/dog-applcation-resource-group/providers/Microsoft.Compute/virtualMachines/application-virtual-machine01",
                        "attributes": {
                            "availability_set_id": "/subscriptions/8142ab74-72ab-4de0-8532-2bae4cd615a0/resourcegroups/dog-applcation-resource-group/providers/microsoft.compute/availabilitysets/application-availability-set",
                            "delete_data_disks_on_termination": "false",
                            "delete_os_disk_on_termination": "false",
                            "id": "/subscriptions/8142ab74-72ab-4de0-8532-2bae4cd615a0/resourceGroups/dog-applcation-resource-group/providers/Microsoft.Compute/virtualMachines/application-virtual-machine01",
                            "identity.#": "0",
                            "location": "eastus",
                            "name": "application-virtual-machine01",
                            "network_interface_ids.#": "1",
                            "network_interface_ids.0": "/subscriptions/8142ab74-72ab-4de0-8532-2bae4cd615a0/resourceGroups/dog-applcation-resource-group/providers/Microsoft.Network/networkInterfaces/application-network-interface01",
                            "os_profile.#": "1",
                            "os_profile.3998672465.admin_password": "",
                            "os_profile.3998672465.admin_username": "greg",
                            "os_profile.3998672465.computer_name": "azuretestprofile",
                            "os_profile.3998672465.custom_data": "",
                            "os_profile_linux_config.#": "1",
                            "os_profile_linux_config.69840937.disable_password_authentication": "true",
                            "os_profile_linux_config.69840937.ssh_keys.#": "1",
                            "os_profile_linux_config.69840937.ssh_keys.0.key_data": "ssh-rsa AAAAB3NzaC1yc2EAAAADAQABAAABAQDYmtUL1bwKmnVDBzzSZcmpWaNZSeXI8Sqk7xUVB86XAwss1a3QZobu1X9CXK5z1dCyQCJMyG6+5Ov2wb+lMhYvV3Ql0qHmxZ9sIdm4p2S0FtP0yzZ/Ia7ZoGrbIaVISrs8ivZnADv7Vqho595DxMLEn9CzQq/Cd0WVYd6e70y4DaXQF8ywSSvom6VuRF7oV9nHC4rszZMOz8nkV4aYXgUaeneQEdmrkcx4uzwlMZ2cfroTZOOM8mIYi7/fdUgd4TFJzmruW7gHaPz1wQPnywXE5rLGua6VUhCPmInX1zGahQ4aS4HdpIZZw2kWs7/S7yPB3jL5n6P6OgqU5lyu0gEf Azure Playground",
                            "os_profile_linux_config.69840937.ssh_keys.0.path": "/home/greg/.ssh/authorized_keys",
                            "os_profile_secrets.#": "0",
                            "os_profile_windows_config.#": "0",
                            "plan.#": "0",
                            "resource_group_name": "dog-applcation-resource-group",
                            "storage_data_disk.#": "0",
                            "storage_image_reference.#": "1",
                            "storage_image_reference.363552096.id": "",
                            "storage_image_reference.363552096.offer": "UbuntuServer",
                            "storage_image_reference.363552096.publisher": "Canonical",
                            "storage_image_reference.363552096.sku": "16.04.0-LTS",
                            "storage_image_reference.363552096.version": "latest",
                            "storage_os_disk.#": "1",
                            "storage_os_disk.0.caching": "ReadWrite",
                            "storage_os_disk.0.create_option": "FromImage",
                            "storage_os_disk.0.disk_size_gb": "30",
                            "storage_os_disk.0.image_uri": "",
                            "storage_os_disk.0.managed_disk_id": "/subscriptions/8142ab74-72ab-4de0-8532-2bae4cd615a0/resourceGroups/dog-applcation-resource-group/providers/Microsoft.Compute/disks/application-storage-disk01",
                            "storage_os_disk.0.managed_disk_type": "Standard_LRS",
                            "storage_os_disk.0.name": "application-storage-disk01",
                            "storage_os_disk.0.os_type": "Linux",
                            "storage_os_disk.0.vhd_uri": "",
                            "storage_os_disk.0.write_accelerator_enabled": "false",
                            "tags.%": "2",
                            "tags.Environment": "Development",
                            "tags.Name": "DOG-Application",
                            "vm_size": "Standard_DS1_v2",
                            "zones.#": "0"
                        },
                        "meta": {},
                        "tainted": false
                    },
                    "deposed": [],
                    "provider": "provider.azurerm"
                },
                "azurerm_virtual_machine.load_balancer_virtual_machine01.1": {
                    "type": "azurerm_virtual_machine",
                    "depends_on": [
                        "azurerm_availability_set.application_availability_set",
                        "azurerm_network_interface.application_virtual_machine_network_interface.*",
                        "azurerm_resource_group.dog_application_resource_group"
                    ],
                    "primary": {
                        "id": "/subscriptions/8142ab74-72ab-4de0-8532-2bae4cd615a0/resourceGroups/dog-applcation-resource-group/providers/Microsoft.Compute/virtualMachines/application-virtual-machine02",
                        "attributes": {
                            "availability_set_id": "/subscriptions/8142ab74-72ab-4de0-8532-2bae4cd615a0/resourcegroups/dog-applcation-resource-group/providers/microsoft.compute/availabilitysets/application-availability-set",
                            "delete_data_disks_on_termination": "false",
                            "delete_os_disk_on_termination": "false",
                            "id": "/subscriptions/8142ab74-72ab-4de0-8532-2bae4cd615a0/resourceGroups/dog-applcation-resource-group/providers/Microsoft.Compute/virtualMachines/application-virtual-machine02",
                            "identity.#": "0",
                            "location": "eastus",
                            "name": "application-virtual-machine02",
                            "network_interface_ids.#": "1",
                            "network_interface_ids.0": "/subscriptions/8142ab74-72ab-4de0-8532-2bae4cd615a0/resourceGroups/dog-applcation-resource-group/providers/Microsoft.Network/networkInterfaces/application-network-interface02",
                            "os_profile.#": "1",
                            "os_profile.3998672465.admin_password": "",
                            "os_profile.3998672465.admin_username": "greg",
                            "os_profile.3998672465.computer_name": "azuretestprofile",
                            "os_profile.3998672465.custom_data": "",
                            "os_profile_linux_config.#": "1",
                            "os_profile_linux_config.69840937.disable_password_authentication": "true",
                            "os_profile_linux_config.69840937.ssh_keys.#": "1",
                            "os_profile_linux_config.69840937.ssh_keys.0.key_data": "ssh-rsa AAAAB3NzaC1yc2EAAAADAQABAAABAQDYmtUL1bwKmnVDBzzSZcmpWaNZSeXI8Sqk7xUVB86XAwss1a3QZobu1X9CXK5z1dCyQCJMyG6+5Ov2wb+lMhYvV3Ql0qHmxZ9sIdm4p2S0FtP0yzZ/Ia7ZoGrbIaVISrs8ivZnADv7Vqho595DxMLEn9CzQq/Cd0WVYd6e70y4DaXQF8ywSSvom6VuRF7oV9nHC4rszZMOz8nkV4aYXgUaeneQEdmrkcx4uzwlMZ2cfroTZOOM8mIYi7/fdUgd4TFJzmruW7gHaPz1wQPnywXE5rLGua6VUhCPmInX1zGahQ4aS4HdpIZZw2kWs7/S7yPB3jL5n6P6OgqU5lyu0gEf Azure Playground",
                            "os_profile_linux_config.69840937.ssh_keys.0.path": "/home/greg/.ssh/authorized_keys",
                            "os_profile_secrets.#": "0",
                            "os_profile_windows_config.#": "0",
                            "plan.#": "0",
                            "resource_group_name": "dog-applcation-resource-group",
                            "storage_data_disk.#": "0",
                            "storage_image_reference.#": "1",
                            "storage_image_reference.363552096.id": "",
                            "storage_image_reference.363552096.offer": "UbuntuServer",
                            "storage_image_reference.363552096.publisher": "Canonical",
                            "storage_image_reference.363552096.sku": "16.04.0-LTS",
                            "storage_image_reference.363552096.version": "latest",
                            "storage_os_disk.#": "1",
                            "storage_os_disk.0.caching": "ReadWrite",
                            "storage_os_disk.0.create_option": "FromImage",
                            "storage_os_disk.0.disk_size_gb": "30",
                            "storage_os_disk.0.image_uri": "",
                            "storage_os_disk.0.managed_disk_id": "/subscriptions/8142ab74-72ab-4de0-8532-2bae4cd615a0/resourceGroups/dog-applcation-resource-group/providers/Microsoft.Compute/disks/application-storage-disk02",
                            "storage_os_disk.0.managed_disk_type": "Standard_LRS",
                            "storage_os_disk.0.name": "application-storage-disk02",
                            "storage_os_disk.0.os_type": "Linux",
                            "storage_os_disk.0.vhd_uri": "",
                            "storage_os_disk.0.write_accelerator_enabled": "false",
                            "tags.%": "2",
                            "tags.Environment": "Development",
                            "tags.Name": "DOG-Application",
                            "vm_size": "Standard_DS1_v2",
                            "zones.#": "0"
                        },
                        "meta": {},
                        "tainted": false
                    },
                    "deposed": [],
                    "provider": "provider.azurerm"
                },
                "azurerm_virtual_network.dog_application_virtual_network": {
                    "type": "azurerm_virtual_network",
                    "depends_on": [
                        "azurerm_resource_group.dog_application_resource_group"
                    ],
                    "primary": {
                        "id": "/subscriptions/8142ab74-72ab-4de0-8532-2bae4cd615a0/resourceGroups/dog-applcation-resource-group/providers/Microsoft.Network/virtualNetworks/dog-application-vnet",
                        "attributes": {
                            "address_space.#": "1",
                            "address_space.0": "10.0.0.0/16",
                            "dns_servers.#": "0",
                            "id": "/subscriptions/8142ab74-72ab-4de0-8532-2bae4cd615a0/resourceGroups/dog-applcation-resource-group/providers/Microsoft.Network/virtualNetworks/dog-application-vnet",
                            "location": "eastus",
                            "name": "dog-application-vnet",
                            "resource_group_name": "dog-applcation-resource-group",
                            "subnet.#": "0",
                            "tags.%": "2",
                            "tags.Environment": "Development",
                            "tags.Name": "DOG-Application"
                        },
                        "meta": {},
                        "tainted": false
                    },
                    "deposed": [],
                    "provider": "provider.azurerm"
                }
            },
            "depends_on": []
        }
    ]
}
